
Microsoft Visual Studio Solution File, Format Version 12.00
# Visual Studio Version 16
VisualStudioVersion = 16.0.32002.261
MinimumVisualStudioVersion = 10.0.40219.1
Project("{FAE04EC0-301F-11D3-BF4B-00C04F79EFBC}") = "RegistrarContratos", "RegistrarContratos\RegistrarContratos.csproj", "{1C4DDC3A-36E6-473D-8EBB-CA352D63B84D}"
EndProject
Global
	GlobalSection(SolutionConfigurationPlatforms) = preSolution
		Debug|Any CPU = Debug|Any CPU
		Release|Any CPU = Release|Any CPU
	EndGlobalSection
	GlobalSection(ProjectConfigurationPlatforms) = postSolution
		{1C4DDC3A-36E6-473D-8EBB-CA352D63B84D}.Debug|Any CPU.ActiveCfg = Debug|Any CPU
		{1C4DDC3A-36E6-473D-8EBB-CA352D63B84D}.Debug|Any CPU.Build.0 = Debug|Any CPU
		{1C4DDC3A-36E6-473D-8EBB-CA352D63B84D}.Release|Any CPU.ActiveCfg = Release|Any CPU
		{1C4DDC3A-36E6-473D-8EBB-CA352D63B84D}.Release|Any CPU.Build.0 = Release|Any CPU
	EndGlobalSection
	GlobalSection(SolutionProperties) = preSolution
		HideSolutionNode = FALSE
	EndGlobalSection
	GlobalSection(ExtensibilityGlobals) = postSolution
		SolutionGuid = {F85A0CE9-FF1E-48E2-B489-94C5BD8760B8}
	EndGlobalSection
EndGlobal
